
Microsoft Visual Studio Solution File, Format Version 12.00
# Visual Studio 2013
VisualStudioVersion = 12.0.31101.0
MinimumVisualStudioVersion = 10.0.40219.1
Project("{FAE04EC0-301F-11D3-BF4B-00C04F79EFBC}") = "MainClient", "MainClient\MainClient.csproj", "{FF888339-A59A-42E5-8350-967CBDF4D8AF}"
EndProject
Project("{FAE04EC0-301F-11D3-BF4B-00C04F79EFBC}") = "WCFIntern", "WCFIntern\WCFIntern.csproj", "{EBE267BD-7D67-490C-9E1E-8F571C4F685F}"
EndProject
Project("{FAE04EC0-301F-11D3-BF4B-00C04F79EFBC}") = "ServerIntern", "ServerIntern\ServerIntern.csproj", "{D858BDBE-145D-4A0A-AB8A-4AB9FF4F3198}"
EndProject
Project("{FAE04EC0-301F-11D3-BF4B-00C04F79EFBC}") = "Commenter", "Commenter\Commenter.csproj", "{4890E728-92EF-46F9-81EE-F044B55DA876}"
EndProject
Project("{FAE04EC0-301F-11D3-BF4B-00C04F79EFBC}") = "CommenterClient", "CommenterClient\CommenterClient.csproj", "{DB78AB2D-58ED-4788-80DE-EA4AAD9202C2}"
EndProject
Global
	GlobalSection(SolutionConfigurationPlatforms) = preSolution
		Debug|Any CPU = Debug|Any CPU
		Release|Any CPU = Release|Any CPU
	EndGlobalSection
	GlobalSection(ProjectConfigurationPlatforms) = postSolution
		{FF888339-A59A-42E5-8350-967CBDF4D8AF}.Debug|Any CPU.ActiveCfg = Debug|Any CPU
		{FF888339-A59A-42E5-8350-967CBDF4D8AF}.Debug|Any CPU.Build.0 = Debug|Any CPU
		{FF888339-A59A-42E5-8350-967CBDF4D8AF}.Release|Any CPU.ActiveCfg = Release|Any CPU
		{FF888339-A59A-42E5-8350-967CBDF4D8AF}.Release|Any CPU.Build.0 = Release|Any CPU
		{EBE267BD-7D67-490C-9E1E-8F571C4F685F}.Debug|Any CPU.ActiveCfg = Debug|Any CPU
		{EBE267BD-7D67-490C-9E1E-8F571C4F685F}.Debug|Any CPU.Build.0 = Debug|Any CPU
		{EBE267BD-7D67-490C-9E1E-8F571C4F685F}.Release|Any CPU.ActiveCfg = Release|Any CPU
		{EBE267BD-7D67-490C-9E1E-8F571C4F685F}.Release|Any CPU.Build.0 = Release|Any CPU
		{D858BDBE-145D-4A0A-AB8A-4AB9FF4F3198}.Debug|Any CPU.ActiveCfg = Debug|Any CPU
		{D858BDBE-145D-4A0A-AB8A-4AB9FF4F3198}.Debug|Any CPU.Build.0 = Debug|Any CPU
		{D858BDBE-145D-4A0A-AB8A-4AB9FF4F3198}.Release|Any CPU.ActiveCfg = Release|Any CPU
		{D858BDBE-145D-4A0A-AB8A-4AB9FF4F3198}.Release|Any CPU.Build.0 = Release|Any CPU
		{4890E728-92EF-46F9-81EE-F044B55DA876}.Debug|Any CPU.ActiveCfg = Debug|Any CPU
		{4890E728-92EF-46F9-81EE-F044B55DA876}.Debug|Any CPU.Build.0 = Debug|Any CPU
		{4890E728-92EF-46F9-81EE-F044B55DA876}.Release|Any CPU.ActiveCfg = Release|Any CPU
		{4890E728-92EF-46F9-81EE-F044B55DA876}.Release|Any CPU.Build.0 = Release|Any CPU
		{DB78AB2D-58ED-4788-80DE-EA4AAD9202C2}.Debug|Any CPU.ActiveCfg = Debug|Any CPU
		{DB78AB2D-58ED-4788-80DE-EA4AAD9202C2}.Debug|Any CPU.Build.0 = Debug|Any CPU
		{DB78AB2D-58ED-4788-80DE-EA4AAD9202C2}.Release|Any CPU.ActiveCfg = Release|Any CPU
		{DB78AB2D-58ED-4788-80DE-EA4AAD9202C2}.Release|Any CPU.Build.0 = Release|Any CPU
	EndGlobalSection
	GlobalSection(SolutionProperties) = preSolution
		HideSolutionNode = FALSE
	EndGlobalSection
EndGlobal
