
Microsoft Visual Studio Solution File, Format Version 12.00
# Visual Studio 2013
VisualStudioVersion = 12.0.31101.0
MinimumVisualStudioVersion = 10.0.40219.1
Project("{FAE04EC0-301F-11D3-BF4B-00C04F79EFBC}") = "Tema2", "Tema2\Tema2.csproj", "{A1FBB379-F2B8-4F66-99E8-52BF8AA00268}"
EndProject
Project("{FAE04EC0-301F-11D3-BF4B-00C04F79EFBC}") = "P3Proj", "P3Proj\P3Proj.csproj", "{0BD6C2C2-C84C-459E-9137-2F9020B9597A}"
EndProject
Project("{FAE04EC0-301F-11D3-BF4B-00C04F79EFBC}") = "P6Proj", "P6Proj\P6Proj.csproj", "{70343751-0E47-4070-B9ED-40B32340F667}"
EndProject
Project("{FAE04EC0-301F-11D3-BF4B-00C04F79EFBC}") = "P9Proj", "P9Proj\P9Proj.csproj", "{63CB9760-2A06-41DA-A5FC-279562505AC0}"
EndProject
Project("{FAE04EC0-301F-11D3-BF4B-00C04F79EFBC}") = "P12Proj", "P12Proj\P12Proj.csproj", "{AD2DDCB2-4E9C-4C97-81FA-A60C00DBCFF4}"
EndProject
Project("{FAE04EC0-301F-11D3-BF4B-00C04F79EFBC}") = "P11Proj", "P11Proj\P11Proj.csproj", "{67ADCA35-F03E-402E-AE2D-EAD41D1446B9}"
EndProject
Project("{FAE04EC0-301F-11D3-BF4B-00C04F79EFBC}") = "P10Proj", "P10Proj\P10Proj.csproj", "{F1E566D4-B0F4-4413-B706-BD7F9E87BDCA}"
EndProject
Project("{FAE04EC0-301F-11D3-BF4B-00C04F79EFBC}") = "P8Proj", "P8Proj\P8Proj.csproj", "{4F6E0AB1-4EFD-4683-BA40-10F8BF691C4C}"
EndProject
Global
	GlobalSection(SolutionConfigurationPlatforms) = preSolution
		Debug|Any CPU = Debug|Any CPU
		Release|Any CPU = Release|Any CPU
	EndGlobalSection
	GlobalSection(ProjectConfigurationPlatforms) = postSolution
		{A1FBB379-F2B8-4F66-99E8-52BF8AA00268}.Debug|Any CPU.ActiveCfg = Debug|Any CPU
		{A1FBB379-F2B8-4F66-99E8-52BF8AA00268}.Debug|Any CPU.Build.0 = Debug|Any CPU
		{A1FBB379-F2B8-4F66-99E8-52BF8AA00268}.Release|Any CPU.ActiveCfg = Release|Any CPU
		{A1FBB379-F2B8-4F66-99E8-52BF8AA00268}.Release|Any CPU.Build.0 = Release|Any CPU
		{0BD6C2C2-C84C-459E-9137-2F9020B9597A}.Debug|Any CPU.ActiveCfg = Debug|Any CPU
		{0BD6C2C2-C84C-459E-9137-2F9020B9597A}.Debug|Any CPU.Build.0 = Debug|Any CPU
		{0BD6C2C2-C84C-459E-9137-2F9020B9597A}.Release|Any CPU.ActiveCfg = Release|Any CPU
		{0BD6C2C2-C84C-459E-9137-2F9020B9597A}.Release|Any CPU.Build.0 = Release|Any CPU
		{70343751-0E47-4070-B9ED-40B32340F667}.Debug|Any CPU.ActiveCfg = Debug|Any CPU
		{70343751-0E47-4070-B9ED-40B32340F667}.Debug|Any CPU.Build.0 = Debug|Any CPU
		{70343751-0E47-4070-B9ED-40B32340F667}.Release|Any CPU.ActiveCfg = Release|Any CPU
		{70343751-0E47-4070-B9ED-40B32340F667}.Release|Any CPU.Build.0 = Release|Any CPU
		{63CB9760-2A06-41DA-A5FC-279562505AC0}.Debug|Any CPU.ActiveCfg = Debug|Any CPU
		{63CB9760-2A06-41DA-A5FC-279562505AC0}.Debug|Any CPU.Build.0 = Debug|Any CPU
		{63CB9760-2A06-41DA-A5FC-279562505AC0}.Release|Any CPU.ActiveCfg = Release|Any CPU
		{63CB9760-2A06-41DA-A5FC-279562505AC0}.Release|Any CPU.Build.0 = Release|Any CPU
		{AD2DDCB2-4E9C-4C97-81FA-A60C00DBCFF4}.Debug|Any CPU.ActiveCfg = Debug|Any CPU
		{AD2DDCB2-4E9C-4C97-81FA-A60C00DBCFF4}.Debug|Any CPU.Build.0 = Debug|Any CPU
		{AD2DDCB2-4E9C-4C97-81FA-A60C00DBCFF4}.Release|Any CPU.ActiveCfg = Release|Any CPU
		{AD2DDCB2-4E9C-4C97-81FA-A60C00DBCFF4}.Release|Any CPU.Build.0 = Release|Any CPU
		{67ADCA35-F03E-402E-AE2D-EAD41D1446B9}.Debug|Any CPU.ActiveCfg = Debug|Any CPU
		{67ADCA35-F03E-402E-AE2D-EAD41D1446B9}.Debug|Any CPU.Build.0 = Debug|Any CPU
		{67ADCA35-F03E-402E-AE2D-EAD41D1446B9}.Release|Any CPU.ActiveCfg = Release|Any CPU
		{67ADCA35-F03E-402E-AE2D-EAD41D1446B9}.Release|Any CPU.Build.0 = Release|Any CPU
		{F1E566D4-B0F4-4413-B706-BD7F9E87BDCA}.Debug|Any CPU.ActiveCfg = Debug|Any CPU
		{F1E566D4-B0F4-4413-B706-BD7F9E87BDCA}.Debug|Any CPU.Build.0 = Debug|Any CPU
		{F1E566D4-B0F4-4413-B706-BD7F9E87BDCA}.Release|Any CPU.ActiveCfg = Release|Any CPU
		{F1E566D4-B0F4-4413-B706-BD7F9E87BDCA}.Release|Any CPU.Build.0 = Release|Any CPU
		{4F6E0AB1-4EFD-4683-BA40-10F8BF691C4C}.Debug|Any CPU.ActiveCfg = Debug|Any CPU
		{4F6E0AB1-4EFD-4683-BA40-10F8BF691C4C}.Debug|Any CPU.Build.0 = Debug|Any CPU
		{4F6E0AB1-4EFD-4683-BA40-10F8BF691C4C}.Release|Any CPU.ActiveCfg = Release|Any CPU
		{4F6E0AB1-4EFD-4683-BA40-10F8BF691C4C}.Release|Any CPU.Build.0 = Release|Any CPU
	EndGlobalSection
	GlobalSection(SolutionProperties) = preSolution
		HideSolutionNode = FALSE
	EndGlobalSection
EndGlobal
